// !$*UTF8*$!
{
	archiveVersion = 1;
	classes = {
	};
	objectVersion = 56;
	objects = {

/* Begin PBXBuildFile section */
		AF3E3B2F2CC28F83008CFFEF /* PhotoViewControllerWithDiffableDataSource.swift in Sources */ = {isa = PBXBuildFile; fileRef = AF3E3B2E2CC28F83008CFFEF /* PhotoViewControllerWithDiffableDataSource.swift */; };
		AF41CD3E2C6379E900A31D60 /* DetailViewController.swift in Sources */ = {isa = PBXBuildFile; fileRef = AF41CD3D2C6379E900A31D60 /* DetailViewController.swift */; };
		AF4E13CA2CD0F2390012D87B /* Config.xcconfig in Resources */ = {isa = PBXBuildFile; fileRef = AF4E13C92CD0F2390012D87B /* Config.xcconfig */; };
		AF4E13CC2CD0F3D00012D87B /* Environment.swift in Sources */ = {isa = PBXBuildFile; fileRef = AF4E13CB2CD0F3D00012D87B /* Environment.swift */; };
		AF4E13CE2CD0F4A70012D87B /* NetworkError.swift in Sources */ = {isa = PBXBuildFile; fileRef = AF4E13CD2CD0F4A70012D87B /* NetworkError.swift */; };
		AF4E13D12CD119990012D87B /* RegisterRequest.swift in Sources */ = {isa = PBXBuildFile; fileRef = AF4E13D02CD119990012D87B /* RegisterRequest.swift */; };
		AF4E13D32CD134A10012D87B /* UserService.swift in Sources */ = {isa = PBXBuildFile; fileRef = AF4E13D22CD134A10012D87B /* UserService.swift */; };
		AF4E13D72CD1373A0012D87B /* Alamofire in Frameworks */ = {isa = PBXBuildFile; productRef = AF4E13D62CD1373A0012D87B /* Alamofire */; };
		AF4E13D92CD138D90012D87B /* SignUpViewController.swift in Sources */ = {isa = PBXBuildFile; fileRef = AF4E13D82CD138D90012D87B /* SignUpViewController.swift */; };
		AFB814E42C7348AF00E7CA19 /* ChartViewController.swift in Sources */ = {isa = PBXBuildFile; fileRef = AFB814E32C7348AF00E7CA19 /* ChartViewController.swift */; };
		AFB814E62C73499500E7CA19 /* App.swift in Sources */ = {isa = PBXBuildFile; fileRef = AFB814E52C73499500E7CA19 /* App.swift */; };
		AFB814E92C74A20D00E7CA19 /* Then in Frameworks */ = {isa = PBXBuildFile; productRef = AFB814E82C74A20D00E7CA19 /* Then */; };
		AFB814EB2C74A2BB00E7CA19 /* ChartCell.swift in Sources */ = {isa = PBXBuildFile; fileRef = AFB814EA2C74A2BB00E7CA19 /* ChartCell.swift */; };
		AFB814ED2C74BD4900E7CA19 /* PhotoViewController.swift in Sources */ = {isa = PBXBuildFile; fileRef = AFB814EC2C74BD4900E7CA19 /* PhotoViewController.swift */; };
		AFB814EF2C74CFFB00E7CA19 /* PhotoCell.swift in Sources */ = {isa = PBXBuildFile; fileRef = AFB814EE2C74CFFB00E7CA19 /* PhotoCell.swift */; };
		AFB814F12C74D0EF00E7CA19 /* Photo.swift in Sources */ = {isa = PBXBuildFile; fileRef = AFB814F02C74D0EF00E7CA19 /* Photo.swift */; };
		AFD1A1A02C6A12DB0056DA38 /* Week_2_Protocol.swift in Sources */ = {isa = PBXBuildFile; fileRef = AFD1A19F2C6A12DB0056DA38 /* Week_2_Protocol.swift */; };
		AFD1A1A22C6A2F680056DA38 /* NicknameViewController_Delegate.swift in Sources */ = {isa = PBXBuildFile; fileRef = AFD1A1A12C6A2F680056DA38 /* NicknameViewController_Delegate.swift */; };
		AFD1A1A42C6A2F730056DA38 /* NicknameViewController_Closure.swift in Sources */ = {isa = PBXBuildFile; fileRef = AFD1A1A32C6A2F730056DA38 /* NicknameViewController_Closure.swift */; };
		AFD1A1A72C6CB04D0056DA38 /* SnapKit in Frameworks */ = {isa = PBXBuildFile; productRef = AFD1A1A62C6CB04D0056DA38 /* SnapKit */; };
		AFDC74322C60CDBA006BA9F7 /* AppDelegate.swift in Sources */ = {isa = PBXBuildFile; fileRef = AFDC74312C60CDBA006BA9F7 /* AppDelegate.swift */; };
		AFDC74342C60CDBA006BA9F7 /* SceneDelegate.swift in Sources */ = {isa = PBXBuildFile; fileRef = AFDC74332C60CDBA006BA9F7 /* SceneDelegate.swift */; };
		AFDC74362C60CDBA006BA9F7 /* ViewController.swift in Sources */ = {isa = PBXBuildFile; fileRef = AFDC74352C60CDBA006BA9F7 /* ViewController.swift */; };
		AFDC74392C60CDBA006BA9F7 /* Base in Resources */ = {isa = PBXBuildFile; fileRef = AFDC74382C60CDBA006BA9F7 /* Base */; };
		AFDC743B2C60CDBC006BA9F7 /* Assets.xcassets in Resources */ = {isa = PBXBuildFile; fileRef = AFDC743A2C60CDBC006BA9F7 /* Assets.xcassets */; };
		AFDC743E2C60CDBC006BA9F7 /* Base in Resources */ = {isa = PBXBuildFile; fileRef = AFDC743D2C60CDBC006BA9F7 /* Base */; };
/* End PBXBuildFile section */

/* Begin PBXFileReference section */
		AF3E3B2E2CC28F83008CFFEF /* PhotoViewControllerWithDiffableDataSource.swift */ = {isa = PBXFileReference; lastKnownFileType = sourcecode.swift; path = PhotoViewControllerWithDiffableDataSource.swift; sourceTree = "<group>"; };
		AF41CD3D2C6379E900A31D60 /* DetailViewController.swift */ = {isa = PBXFileReference; lastKnownFileType = sourcecode.swift; path = DetailViewController.swift; sourceTree = "<group>"; };
		AF4E13C92CD0F2390012D87B /* Config.xcconfig */ = {isa = PBXFileReference; lastKnownFileType = text.xcconfig; path = Config.xcconfig; sourceTree = "<group>"; };
		AF4E13CB2CD0F3D00012D87B /* Environment.swift */ = {isa = PBXFileReference; lastKnownFileType = sourcecode.swift; path = Environment.swift; sourceTree = "<group>"; };
		AF4E13CD2CD0F4A70012D87B /* NetworkError.swift */ = {isa = PBXFileReference; lastKnownFileType = sourcecode.swift; path = NetworkError.swift; sourceTree = "<group>"; };
		AF4E13D02CD119990012D87B /* RegisterRequest.swift */ = {isa = PBXFileReference; lastKnownFileType = sourcecode.swift; path = RegisterRequest.swift; sourceTree = "<group>"; };
		AF4E13D22CD134A10012D87B /* UserService.swift */ = {isa = PBXFileReference; lastKnownFileType = sourcecode.swift; path = UserService.swift; sourceTree = "<group>"; };
		AF4E13D82CD138D90012D87B /* SignUpViewController.swift */ = {isa = PBXFileReference; lastKnownFileType = sourcecode.swift; path = SignUpViewController.swift; sourceTree = "<group>"; };
		AFB814E32C7348AF00E7CA19 /* ChartViewController.swift */ = {isa = PBXFileReference; lastKnownFileType = sourcecode.swift; path = ChartViewController.swift; sourceTree = "<group>"; };
		AFB814E52C73499500E7CA19 /* App.swift */ = {isa = PBXFileReference; lastKnownFileType = sourcecode.swift; path = App.swift; sourceTree = "<group>"; };
		AFB814EA2C74A2BB00E7CA19 /* ChartCell.swift */ = {isa = PBXFileReference; lastKnownFileType = sourcecode.swift; path = ChartCell.swift; sourceTree = "<group>"; };
		AFB814EC2C74BD4900E7CA19 /* PhotoViewController.swift */ = {isa = PBXFileReference; lastKnownFileType = sourcecode.swift; path = PhotoViewController.swift; sourceTree = "<group>"; };
		AFB814EE2C74CFFB00E7CA19 /* PhotoCell.swift */ = {isa = PBXFileReference; lastKnownFileType = sourcecode.swift; path = PhotoCell.swift; sourceTree = "<group>"; };
		AFB814F02C74D0EF00E7CA19 /* Photo.swift */ = {isa = PBXFileReference; lastKnownFileType = sourcecode.swift; path = Photo.swift; sourceTree = "<group>"; };
		AFD1A19F2C6A12DB0056DA38 /* Week_2_Protocol.swift */ = {isa = PBXFileReference; lastKnownFileType = sourcecode.swift; path = Week_2_Protocol.swift; sourceTree = "<group>"; };
		AFD1A1A12C6A2F680056DA38 /* NicknameViewController_Delegate.swift */ = {isa = PBXFileReference; lastKnownFileType = sourcecode.swift; path = NicknameViewController_Delegate.swift; sourceTree = "<group>"; };
		AFD1A1A32C6A2F730056DA38 /* NicknameViewController_Closure.swift */ = {isa = PBXFileReference; lastKnownFileType = sourcecode.swift; path = NicknameViewController_Closure.swift; sourceTree = "<group>"; };
		AFDC742E2C60CDBA006BA9F7 /* 35-Seminar.app */ = {isa = PBXFileReference; explicitFileType = wrapper.application; includeInIndex = 0; path = "35-Seminar.app"; sourceTree = BUILT_PRODUCTS_DIR; };
		AFDC74312C60CDBA006BA9F7 /* AppDelegate.swift */ = {isa = PBXFileReference; lastKnownFileType = sourcecode.swift; path = AppDelegate.swift; sourceTree = "<group>"; };
		AFDC74332C60CDBA006BA9F7 /* SceneDelegate.swift */ = {isa = PBXFileReference; lastKnownFileType = sourcecode.swift; path = SceneDelegate.swift; sourceTree = "<group>"; };
		AFDC74352C60CDBA006BA9F7 /* ViewController.swift */ = {isa = PBXFileReference; lastKnownFileType = sourcecode.swift; path = ViewController.swift; sourceTree = "<group>"; };
		AFDC74382C60CDBA006BA9F7 /* Base */ = {isa = PBXFileReference; lastKnownFileType = file.storyboard; name = Base; path = Base.lproj/Main.storyboard; sourceTree = "<group>"; };
		AFDC743A2C60CDBC006BA9F7 /* Assets.xcassets */ = {isa = PBXFileReference; lastKnownFileType = folder.assetcatalog; path = Assets.xcassets; sourceTree = "<group>"; };
		AFDC743D2C60CDBC006BA9F7 /* Base */ = {isa = PBXFileReference; lastKnownFileType = file.storyboard; name = Base; path = Base.lproj/LaunchScreen.storyboard; sourceTree = "<group>"; };
		AFDC743F2C60CDBC006BA9F7 /* Info.plist */ = {isa = PBXFileReference; lastKnownFileType = text.plist.xml; path = Info.plist; sourceTree = "<group>"; };
/* End PBXFileReference section */

/* Begin PBXFrameworksBuildPhase section */
		AFDC742B2C60CDBA006BA9F7 /* Frameworks */ = {
			isa = PBXFrameworksBuildPhase;
			buildActionMask = 2147483647;
			files = (
				AF4E13D72CD1373A0012D87B /* Alamofire in Frameworks */,
				AFD1A1A72C6CB04D0056DA38 /* SnapKit in Frameworks */,
				AFB814E92C74A20D00E7CA19 /* Then in Frameworks */,
			);
			runOnlyForDeploymentPostprocessing = 0;
		};
/* End PBXFrameworksBuildPhase section */

/* Begin PBXGroup section */
		AF3E3B302CC29204008CFFEF /* 1_Components */ = {
			isa = PBXGroup;
			children = (
				AFDC74352C60CDBA006BA9F7 /* ViewController.swift */,
				AF41CD3D2C6379E900A31D60 /* DetailViewController.swift */,
			);
			path = 1_Components;
			sourceTree = "<group>";
		};
		AF3E3B312CC29214008CFFEF /* 2_DelegateAndClosure */ = {
			isa = PBXGroup;
			children = (
				AFD1A1A12C6A2F680056DA38 /* NicknameViewController_Delegate.swift */,
				AFD1A1A32C6A2F730056DA38 /* NicknameViewController_Closure.swift */,
				AFD1A19F2C6A12DB0056DA38 /* Week_2_Protocol.swift */,
			);
			path = 2_DelegateAndClosure;
			sourceTree = "<group>";
		};
		AF3E3B322CC29229008CFFEF /* 3_TableAndCollectionView */ = {
			isa = PBXGroup;
			children = (
				AFB814EC2C74BD4900E7CA19 /* PhotoViewController.swift */,
				AF3E3B2E2CC28F83008CFFEF /* PhotoViewControllerWithDiffableDataSource.swift */,
				AFB814EE2C74CFFB00E7CA19 /* PhotoCell.swift */,
				AFB814F02C74D0EF00E7CA19 /* Photo.swift */,
				AFB814E32C7348AF00E7CA19 /* ChartViewController.swift */,
				AFB814EA2C74A2BB00E7CA19 /* ChartCell.swift */,
				AFB814E52C73499500E7CA19 /* App.swift */,
			);
			path = 3_TableAndCollectionView;
			sourceTree = "<group>";
		};
		AF4E13CF2CD119860012D87B /* 4_Network */ = {
			isa = PBXGroup;
			children = (
				AF4E13CB2CD0F3D00012D87B /* Environment.swift */,
				AF4E13CD2CD0F4A70012D87B /* NetworkError.swift */,
				AF4E13D02CD119990012D87B /* RegisterRequest.swift */,
				AF4E13D22CD134A10012D87B /* UserService.swift */,
				AF4E13D82CD138D90012D87B /* SignUpViewController.swift */,
			);
			path = 4_Network;
			sourceTree = "<group>";
		};
		AF4E13D52CD1373A0012D87B /* Frameworks */ = {
			isa = PBXGroup;
			children = (
			);
			name = Frameworks;
			sourceTree = "<group>";
		};
		AFDC74252C60CDBA006BA9F7 = {
			isa = PBXGroup;
			children = (
				AFDC74302C60CDBA006BA9F7 /* 35-Seminar */,
				AF4E13D52CD1373A0012D87B /* Frameworks */,
				AFDC742F2C60CDBA006BA9F7 /* Products */,
			);
			sourceTree = "<group>";
		};
		AFDC742F2C60CDBA006BA9F7 /* Products */ = {
			isa = PBXGroup;
			children = (
				AFDC742E2C60CDBA006BA9F7 /* 35-Seminar.app */,
			);
			name = Products;
			sourceTree = "<group>";
		};
		AFDC74302C60CDBA006BA9F7 /* 35-Seminar */ = {
			isa = PBXGroup;
			children = (
				AF4E13CF2CD119860012D87B /* 4_Network */,
				AF3E3B322CC29229008CFFEF /* 3_TableAndCollectionView */,
				AF3E3B312CC29214008CFFEF /* 2_DelegateAndClosure */,
				AF3E3B302CC29204008CFFEF /* 1_Components */,
				AFDC74312C60CDBA006BA9F7 /* AppDelegate.swift */,
				AFDC74332C60CDBA006BA9F7 /* SceneDelegate.swift */,
				AFDC74372C60CDBA006BA9F7 /* Main.storyboard */,
				AFDC743A2C60CDBC006BA9F7 /* Assets.xcassets */,
				AFDC743C2C60CDBC006BA9F7 /* LaunchScreen.storyboard */,
				AFDC743F2C60CDBC006BA9F7 /* Info.plist */,
				AF4E13C92CD0F2390012D87B /* Config.xcconfig */,
			);
			path = "35-Seminar";
			sourceTree = "<group>";
		};
/* End PBXGroup section */

/* Begin PBXNativeTarget section */
		AFDC742D2C60CDBA006BA9F7 /* 35-Seminar */ = {
			isa = PBXNativeTarget;
			buildConfigurationList = AFDC74422C60CDBC006BA9F7 /* Build configuration list for PBXNativeTarget "35-Seminar" */;
			buildPhases = (
				AFDC742A2C60CDBA006BA9F7 /* Sources */,
				AFDC742B2C60CDBA006BA9F7 /* Frameworks */,
				AFDC742C2C60CDBA006BA9F7 /* Resources */,
			);
			buildRules = (
			);
			dependencies = (
			);
			name = "35-Seminar";
			packageProductDependencies = (
				AFD1A1A62C6CB04D0056DA38 /* SnapKit */,
				AFB814E82C74A20D00E7CA19 /* Then */,
				AF4E13D62CD1373A0012D87B /* Alamofire */,
			);
			productName = "35-Seminar";
			productReference = AFDC742E2C60CDBA006BA9F7 /* 35-Seminar.app */;
			productType = "com.apple.product-type.application";
		};
/* End PBXNativeTarget section */

/* Begin PBXProject section */
		AFDC74262C60CDBA006BA9F7 /* Project object */ = {
			isa = PBXProject;
			attributes = {
				BuildIndependentTargetsInParallel = 1;
				LastSwiftUpdateCheck = 1540;
				LastUpgradeCheck = 1540;
				TargetAttributes = {
					AFDC742D2C60CDBA006BA9F7 = {
						CreatedOnToolsVersion = 15.4;
					};
				};
			};
			buildConfigurationList = AFDC74292C60CDBA006BA9F7 /* Build configuration list for PBXProject "35-Seminar" */;
			compatibilityVersion = "Xcode 14.0";
			developmentRegion = en;
			hasScannedForEncodings = 0;
			knownRegions = (
				en,
				Base,
			);
			mainGroup = AFDC74252C60CDBA006BA9F7;
			packageReferences = (
				AFD1A1A52C6CB04D0056DA38 /* XCRemoteSwiftPackageReference "SnapKit" */,
				AFB814E72C74A20D00E7CA19 /* XCRemoteSwiftPackageReference "Then" */,
				AF4E13D42CD135E30012D87B /* XCRemoteSwiftPackageReference "Alamofire" */,
			);
			productRefGroup = AFDC742F2C60CDBA006BA9F7 /* Products */;
			projectDirPath = "";
			projectRoot = "";
			targets = (
				AFDC742D2C60CDBA006BA9F7 /* 35-Seminar */,
			);
		};
/* End PBXProject section */

/* Begin PBXResourcesBuildPhase section */
		AFDC742C2C60CDBA006BA9F7 /* Resources */ = {
			isa = PBXResourcesBuildPhase;
			buildActionMask = 2147483647;
			files = (
				AF4E13CA2CD0F2390012D87B /* Config.xcconfig in Resources */,
				AFDC743B2C60CDBC006BA9F7 /* Assets.xcassets in Resources */,
				AFDC743E2C60CDBC006BA9F7 /* Base in Resources */,
				AFDC74392C60CDBA006BA9F7 /* Base in Resources */,
			);
			runOnlyForDeploymentPostprocessing = 0;
		};
/* End PBXResourcesBuildPhase section */

/* Begin PBXSourcesBuildPhase section */
		AFDC742A2C60CDBA006BA9F7 /* Sources */ = {
			isa = PBXSourcesBuildPhase;
			buildActionMask = 2147483647;
			files = (
				AFB814E62C73499500E7CA19 /* App.swift in Sources */,
				AFD1A1A02C6A12DB0056DA38 /* Week_2_Protocol.swift in Sources */,
				AFB814E42C7348AF00E7CA19 /* ChartViewController.swift in Sources */,
				AFD1A1A22C6A2F680056DA38 /* NicknameViewController_Delegate.swift in Sources */,
				AFB814EF2C74CFFB00E7CA19 /* PhotoCell.swift in Sources */,
				AFD1A1A42C6A2F730056DA38 /* NicknameViewController_Closure.swift in Sources */,
				AF4E13D92CD138D90012D87B /* SignUpViewController.swift in Sources */,
				AF4E13D32CD134A10012D87B /* UserService.swift in Sources */,
				AFDC74362C60CDBA006BA9F7 /* ViewController.swift in Sources */,
				AFB814EB2C74A2BB00E7CA19 /* ChartCell.swift in Sources */,
				AFD1A1A02C6A12DB0056DA38 /* Week_2_Protocol.swift in Sources */,
				AF4E13CE2CD0F4A70012D87B /* NetworkError.swift in Sources */,
				AFD1A1A22C6A2F680056DA38 /* NicknameViewController_Delegate.swift in Sources */,
				AF4E13D12CD119990012D87B /* RegisterRequest.swift in Sources */,
				AFB814F12C74D0EF00E7CA19 /* Photo.swift in Sources */,
				AF3E3B2F2CC28F83008CFFEF /* PhotoViewControllerWithDiffableDataSource.swift in Sources */,
				AFD1A1A42C6A2F730056DA38 /* NicknameViewController_Closure.swift in Sources */,
				AFDC74362C60CDBA006BA9F7 /* ViewController.swift in Sources */,
				AFDC74322C60CDBA006BA9F7 /* AppDelegate.swift in Sources */,
				AF4E13CC2CD0F3D00012D87B /* Environment.swift in Sources */,
				AFDC74342C60CDBA006BA9F7 /* SceneDelegate.swift in Sources */,
				AF41CD3E2C6379E900A31D60 /* DetailViewController.swift in Sources */,
				AFB814ED2C74BD4900E7CA19 /* PhotoViewController.swift in Sources */,
			);
			runOnlyForDeploymentPostprocessing = 0;
		};
/* End PBXSourcesBuildPhase section */

/* Begin PBXVariantGroup section */
		AFDC74372C60CDBA006BA9F7 /* Main.storyboard */ = {
			isa = PBXVariantGroup;
			children = (
				AFDC74382C60CDBA006BA9F7 /* Base */,
			);
			name = Main.storyboard;
			sourceTree = "<group>";
		};
		AFDC743C2C60CDBC006BA9F7 /* LaunchScreen.storyboard */ = {
			isa = PBXVariantGroup;
			children = (
				AFDC743D2C60CDBC006BA9F7 /* Base */,
			);
			name = LaunchScreen.storyboard;
			sourceTree = "<group>";
		};
/* End PBXVariantGroup section */

/* Begin XCBuildConfiguration section */
		AFDC74402C60CDBC006BA9F7 /* Debug */ = {
			isa = XCBuildConfiguration;
			baseConfigurationReference = AF4E13C92CD0F2390012D87B /* Config.xcconfig */;
			buildSettings = {
				ALWAYS_SEARCH_USER_PATHS = NO;
				ASSETCATALOG_COMPILER_GENERATE_SWIFT_ASSET_SYMBOL_EXTENSIONS = YES;
				CLANG_ANALYZER_NONNULL = YES;
				CLANG_ANALYZER_NUMBER_OBJECT_CONVERSION = YES_AGGRESSIVE;
				CLANG_CXX_LANGUAGE_STANDARD = "gnu++20";
				CLANG_ENABLE_MODULES = YES;
				CLANG_ENABLE_OBJC_ARC = YES;
				CLANG_ENABLE_OBJC_WEAK = YES;
				CLANG_WARN_BLOCK_CAPTURE_AUTORELEASING = YES;
				CLANG_WARN_BOOL_CONVERSION = YES;
				CLANG_WARN_COMMA = YES;
				CLANG_WARN_CONSTANT_CONVERSION = YES;
				CLANG_WARN_DEPRECATED_OBJC_IMPLEMENTATIONS = YES;
				CLANG_WARN_DIRECT_OBJC_ISA_USAGE = YES_ERROR;
				CLANG_WARN_DOCUMENTATION_COMMENTS = YES;
				CLANG_WARN_EMPTY_BODY = YES;
				CLANG_WARN_ENUM_CONVERSION = YES;
				CLANG_WARN_INFINITE_RECURSION = YES;
				CLANG_WARN_INT_CONVERSION = YES;
				CLANG_WARN_NON_LITERAL_NULL_CONVERSION = YES;
				CLANG_WARN_OBJC_IMPLICIT_RETAIN_SELF = YES;
				CLANG_WARN_OBJC_LITERAL_CONVERSION = YES;
				CLANG_WARN_OBJC_ROOT_CLASS = YES_ERROR;
				CLANG_WARN_QUOTED_INCLUDE_IN_FRAMEWORK_HEADER = YES;
				CLANG_WARN_RANGE_LOOP_ANALYSIS = YES;
				CLANG_WARN_STRICT_PROTOTYPES = YES;
				CLANG_WARN_SUSPICIOUS_MOVE = YES;
				CLANG_WARN_UNGUARDED_AVAILABILITY = YES_AGGRESSIVE;
				CLANG_WARN_UNREACHABLE_CODE = YES;
				CLANG_WARN__DUPLICATE_METHOD_MATCH = YES;
				COPY_PHASE_STRIP = NO;
				DEBUG_INFORMATION_FORMAT = dwarf;
				ENABLE_STRICT_OBJC_MSGSEND = YES;
				ENABLE_TESTABILITY = YES;
				ENABLE_USER_SCRIPT_SANDBOXING = YES;
				GCC_C_LANGUAGE_STANDARD = gnu17;
				GCC_DYNAMIC_NO_PIC = NO;
				GCC_NO_COMMON_BLOCKS = YES;
				GCC_OPTIMIZATION_LEVEL = 0;
				GCC_PREPROCESSOR_DEFINITIONS = (
					"DEBUG=1",
					"$(inherited)",
				);
				GCC_WARN_64_TO_32_BIT_CONVERSION = YES;
				GCC_WARN_ABOUT_RETURN_TYPE = YES_ERROR;
				GCC_WARN_UNDECLARED_SELECTOR = YES;
				GCC_WARN_UNINITIALIZED_AUTOS = YES_AGGRESSIVE;
				GCC_WARN_UNUSED_FUNCTION = YES;
				GCC_WARN_UNUSED_VARIABLE = YES;
				IPHONEOS_DEPLOYMENT_TARGET = 17.5;
				LOCALIZATION_PREFERS_STRING_CATALOGS = YES;
				MTL_ENABLE_DEBUG_INFO = INCLUDE_SOURCE;
				MTL_FAST_MATH = YES;
				ONLY_ACTIVE_ARCH = YES;
				SDKROOT = iphoneos;
				SWIFT_ACTIVE_COMPILATION_CONDITIONS = "DEBUG $(inherited)";
				SWIFT_OPTIMIZATION_LEVEL = "-Onone";
			};
			name = Debug;
		};
		AFDC74412C60CDBC006BA9F7 /* Release */ = {
			isa = XCBuildConfiguration;
			baseConfigurationReference = AF4E13C92CD0F2390012D87B /* Config.xcconfig */;
			buildSettings = {
				ALWAYS_SEARCH_USER_PATHS = NO;
				ASSETCATALOG_COMPILER_GENERATE_SWIFT_ASSET_SYMBOL_EXTENSIONS = YES;
				CLANG_ANALYZER_NONNULL = YES;
				CLANG_ANALYZER_NUMBER_OBJECT_CONVERSION = YES_AGGRESSIVE;
				CLANG_CXX_LANGUAGE_STANDARD = "gnu++20";
				CLANG_ENABLE_MODULES = YES;
				CLANG_ENABLE_OBJC_ARC = YES;
				CLANG_ENABLE_OBJC_WEAK = YES;
				CLANG_WARN_BLOCK_CAPTURE_AUTORELEASING = YES;
				CLANG_WARN_BOOL_CONVERSION = YES;
				CLANG_WARN_COMMA = YES;
				CLANG_WARN_CONSTANT_CONVERSION = YES;
				CLANG_WARN_DEPRECATED_OBJC_IMPLEMENTATIONS = YES;
				CLANG_WARN_DIRECT_OBJC_ISA_USAGE = YES_ERROR;
				CLANG_WARN_DOCUMENTATION_COMMENTS = YES;
				CLANG_WARN_EMPTY_BODY = YES;
				CLANG_WARN_ENUM_CONVERSION = YES;
				CLANG_WARN_INFINITE_RECURSION = YES;
				CLANG_WARN_INT_CONVERSION = YES;
				CLANG_WARN_NON_LITERAL_NULL_CONVERSION = YES;
				CLANG_WARN_OBJC_IMPLICIT_RETAIN_SELF = YES;
				CLANG_WARN_OBJC_LITERAL_CONVERSION = YES;
				CLANG_WARN_OBJC_ROOT_CLASS = YES_ERROR;
				CLANG_WARN_QUOTED_INCLUDE_IN_FRAMEWORK_HEADER = YES;
				CLANG_WARN_RANGE_LOOP_ANALYSIS = YES;
				CLANG_WARN_STRICT_PROTOTYPES = YES;
				CLANG_WARN_SUSPICIOUS_MOVE = YES;
				CLANG_WARN_UNGUARDED_AVAILABILITY = YES_AGGRESSIVE;
				CLANG_WARN_UNREACHABLE_CODE = YES;
				CLANG_WARN__DUPLICATE_METHOD_MATCH = YES;
				COPY_PHASE_STRIP = NO;
				DEBUG_INFORMATION_FORMAT = "dwarf-with-dsym";
				ENABLE_NS_ASSERTIONS = NO;
				ENABLE_STRICT_OBJC_MSGSEND = YES;
				ENABLE_USER_SCRIPT_SANDBOXING = YES;
				GCC_C_LANGUAGE_STANDARD = gnu17;
				GCC_NO_COMMON_BLOCKS = YES;
				GCC_WARN_64_TO_32_BIT_CONVERSION = YES;
				GCC_WARN_ABOUT_RETURN_TYPE = YES_ERROR;
				GCC_WARN_UNDECLARED_SELECTOR = YES;
				GCC_WARN_UNINITIALIZED_AUTOS = YES_AGGRESSIVE;
				GCC_WARN_UNUSED_FUNCTION = YES;
				GCC_WARN_UNUSED_VARIABLE = YES;
				IPHONEOS_DEPLOYMENT_TARGET = 17.5;
				LOCALIZATION_PREFERS_STRING_CATALOGS = YES;
				MTL_ENABLE_DEBUG_INFO = NO;
				MTL_FAST_MATH = YES;
				SDKROOT = iphoneos;
				SWIFT_COMPILATION_MODE = wholemodule;
				VALIDATE_PRODUCT = YES;
			};
			name = Release;
		};
		AFDC74432C60CDBC006BA9F7 /* Debug */ = {
			isa = XCBuildConfiguration;
			buildSettings = {
				ASSETCATALOG_COMPILER_APPICON_NAME = AppIcon;
				ASSETCATALOG_COMPILER_GLOBAL_ACCENT_COLOR_NAME = AccentColor;
				CODE_SIGN_STYLE = Automatic;
				CURRENT_PROJECT_VERSION = 1;
				DEVELOPMENT_TEAM = 8R3N359429;
				GENERATE_INFOPLIST_FILE = YES;
				INFOPLIST_FILE = "35-Seminar/Info.plist";
				INFOPLIST_KEY_UIApplicationSupportsIndirectInputEvents = YES;
				INFOPLIST_KEY_UILaunchStoryboardName = LaunchScreen;
				INFOPLIST_KEY_UIMainStoryboardFile = Main;
				INFOPLIST_KEY_UISupportedInterfaceOrientations_iPad = "UIInterfaceOrientationPortrait UIInterfaceOrientationPortraitUpsideDown UIInterfaceOrientationLandscapeLeft UIInterfaceOrientationLandscapeRight";
				INFOPLIST_KEY_UISupportedInterfaceOrientations_iPhone = "UIInterfaceOrientationPortrait UIInterfaceOrientationLandscapeLeft UIInterfaceOrientationLandscapeRight";
				IPHONEOS_DEPLOYMENT_TARGET = 17.0;
				LD_RUNPATH_SEARCH_PATHS = (
					"$(inherited)",
					"@executable_path/Frameworks",
				);
				MARKETING_VERSION = 1.0;
				PRODUCT_BUNDLE_IDENTIFIER = "com.kozi.-5-Seminar";
				PRODUCT_NAME = "$(TARGET_NAME)";
				SWIFT_EMIT_LOC_STRINGS = YES;
				SWIFT_VERSION = 5.0;
				TARGETED_DEVICE_FAMILY = "1,2";
			};
			name = Debug;
		};
		AFDC74442C60CDBC006BA9F7 /* Release */ = {
			isa = XCBuildConfiguration;
			buildSettings = {
				ASSETCATALOG_COMPILER_APPICON_NAME = AppIcon;
				ASSETCATALOG_COMPILER_GLOBAL_ACCENT_COLOR_NAME = AccentColor;
				CODE_SIGN_STYLE = Automatic;
				CURRENT_PROJECT_VERSION = 1;
				DEVELOPMENT_TEAM = 8R3N359429;
				GENERATE_INFOPLIST_FILE = YES;
				INFOPLIST_FILE = "35-Seminar/Info.plist";
				INFOPLIST_KEY_UIApplicationSupportsIndirectInputEvents = YES;
				INFOPLIST_KEY_UILaunchStoryboardName = LaunchScreen;
				INFOPLIST_KEY_UIMainStoryboardFile = Main;
				INFOPLIST_KEY_UISupportedInterfaceOrientations_iPad = "UIInterfaceOrientationPortrait UIInterfaceOrientationPortraitUpsideDown UIInterfaceOrientationLandscapeLeft UIInterfaceOrientationLandscapeRight";
				INFOPLIST_KEY_UISupportedInterfaceOrientations_iPhone = "UIInterfaceOrientationPortrait UIInterfaceOrientationLandscapeLeft UIInterfaceOrientationLandscapeRight";
				IPHONEOS_DEPLOYMENT_TARGET = 17.0;
				LD_RUNPATH_SEARCH_PATHS = (
					"$(inherited)",
					"@executable_path/Frameworks",
				);
				MARKETING_VERSION = 1.0;
				PRODUCT_BUNDLE_IDENTIFIER = "com.kozi.-5-Seminar";
				PRODUCT_NAME = "$(TARGET_NAME)";
				SWIFT_EMIT_LOC_STRINGS = YES;
				SWIFT_VERSION = 5.0;
				TARGETED_DEVICE_FAMILY = "1,2";
			};
			name = Release;
		};
/* End XCBuildConfiguration section */

/* Begin XCConfigurationList section */
		AFDC74292C60CDBA006BA9F7 /* Build configuration list for PBXProject "35-Seminar" */ = {
			isa = XCConfigurationList;
			buildConfigurations = (
				AFDC74402C60CDBC006BA9F7 /* Debug */,
				AFDC74412C60CDBC006BA9F7 /* Release */,
			);
			defaultConfigurationIsVisible = 0;
			defaultConfigurationName = Release;
		};
		AFDC74422C60CDBC006BA9F7 /* Build configuration list for PBXNativeTarget "35-Seminar" */ = {
			isa = XCConfigurationList;
			buildConfigurations = (
				AFDC74432C60CDBC006BA9F7 /* Debug */,
				AFDC74442C60CDBC006BA9F7 /* Release */,
			);
			defaultConfigurationIsVisible = 0;
			defaultConfigurationName = Release;
		};
/* End XCConfigurationList section */

/* Begin XCRemoteSwiftPackageReference section */
		AF4E13D42CD135E30012D87B /* XCRemoteSwiftPackageReference "Alamofire" */ = {
			isa = XCRemoteSwiftPackageReference;
			repositoryURL = "https://github.com/Alamofire/Alamofire.git";
			requirement = {
				kind = upToNextMajorVersion;
				minimumVersion = 5.10.1;
			};
		};
		AFB814E72C74A20D00E7CA19 /* XCRemoteSwiftPackageReference "Then" */ = {
			isa = XCRemoteSwiftPackageReference;
			repositoryURL = "https://github.com/devxoul/Then";
			requirement = {
				kind = upToNextMajorVersion;
				minimumVersion = 3.0.0;
			};
		};
		AFD1A1A52C6CB04D0056DA38 /* XCRemoteSwiftPackageReference "SnapKit" */ = {
			isa = XCRemoteSwiftPackageReference;
			repositoryURL = "https://github.com/SnapKit/SnapKit.git";
			requirement = {
				kind = upToNextMajorVersion;
				minimumVersion = 5.7.1;
			};
		};
/* End XCRemoteSwiftPackageReference section */

/* Begin XCSwiftPackageProductDependency section */
		AF4E13D62CD1373A0012D87B /* Alamofire */ = {
			isa = XCSwiftPackageProductDependency;
			package = AF4E13D42CD135E30012D87B /* XCRemoteSwiftPackageReference "Alamofire" */;
			productName = Alamofire;
		};
		AFB814E82C74A20D00E7CA19 /* Then */ = {
			isa = XCSwiftPackageProductDependency;
			package = AFB814E72C74A20D00E7CA19 /* XCRemoteSwiftPackageReference "Then" */;
			productName = Then;
		};
		AFD1A1A62C6CB04D0056DA38 /* SnapKit */ = {
			isa = XCSwiftPackageProductDependency;
			package = AFD1A1A52C6CB04D0056DA38 /* XCRemoteSwiftPackageReference "SnapKit" */;
			productName = SnapKit;
		};
/* End XCSwiftPackageProductDependency section */
	};
	rootObject = AFDC74262C60CDBA006BA9F7 /* Project object */;
}
